
Microsoft Visual Studio Solution File, Format Version 12.00
# Visual Studio Version 17
VisualStudioVersion = 17.11.35312.102
MinimumVisualStudioVersion = 10.0.40219.1
Project("{FAE04EC0-301F-11D3-BF4B-00C04F79EFBC}") = "OrderApi.Domain", "OrderApi.Domain\OrderApi.Domain.csproj", "{F67CD6A0-344F-47B5-B8C2-CF6646D1188B}"
EndProject
Project("{FAE04EC0-301F-11D3-BF4B-00C04F79EFBC}") = "OrderApi.Application", "OrderApi.Application\OrderApi.Application.csproj", "{17E3C624-D411-4A12-B860-39CD4BF74C93}"
EndProject
Project("{FAE04EC0-301F-11D3-BF4B-00C04F79EFBC}") = "OrderApi.Infrastructure", "OrderApi.Infrastructure\OrderApi.Infrastructure.csproj", "{5AC9C55A-E6B7-4FA6-8655-5FFE4BD88F2B}"
EndProject
Project("{FAE04EC0-301F-11D3-BF4B-00C04F79EFBC}") = "OrderApi.Presentation", "OrderApi.Presentation\OrderApi.Presentation.csproj", "{AE6E93E3-C4F2-43F3-BCB0-1FB98071A09B}"
EndProject
Project("{9A19103F-16F7-4668-BE54-9A1E7A4F7556}") = "eCommerece.SharedLibrary", "..\DemoECommerece.SharedLibrarySolution\eCommerece.SharedLibrary\eCommerece.SharedLibrary.csproj", "{746CFDE2-8AB4-47C1-B85A-96332A38366D}"
EndProject
Global
	GlobalSection(SolutionConfigurationPlatforms) = preSolution
		Debug|Any CPU = Debug|Any CPU
		Release|Any CPU = Release|Any CPU
	EndGlobalSection
	GlobalSection(ProjectConfigurationPlatforms) = postSolution
		{F67CD6A0-344F-47B5-B8C2-CF6646D1188B}.Debug|Any CPU.ActiveCfg = Debug|Any CPU
		{F67CD6A0-344F-47B5-B8C2-CF6646D1188B}.Debug|Any CPU.Build.0 = Debug|Any CPU
		{F67CD6A0-344F-47B5-B8C2-CF6646D1188B}.Release|Any CPU.ActiveCfg = Release|Any CPU
		{F67CD6A0-344F-47B5-B8C2-CF6646D1188B}.Release|Any CPU.Build.0 = Release|Any CPU
		{17E3C624-D411-4A12-B860-39CD4BF74C93}.Debug|Any CPU.ActiveCfg = Debug|Any CPU
		{17E3C624-D411-4A12-B860-39CD4BF74C93}.Debug|Any CPU.Build.0 = Debug|Any CPU
		{17E3C624-D411-4A12-B860-39CD4BF74C93}.Release|Any CPU.ActiveCfg = Release|Any CPU
		{17E3C624-D411-4A12-B860-39CD4BF74C93}.Release|Any CPU.Build.0 = Release|Any CPU
		{5AC9C55A-E6B7-4FA6-8655-5FFE4BD88F2B}.Debug|Any CPU.ActiveCfg = Debug|Any CPU
		{5AC9C55A-E6B7-4FA6-8655-5FFE4BD88F2B}.Debug|Any CPU.Build.0 = Debug|Any CPU
		{5AC9C55A-E6B7-4FA6-8655-5FFE4BD88F2B}.Release|Any CPU.ActiveCfg = Release|Any CPU
		{5AC9C55A-E6B7-4FA6-8655-5FFE4BD88F2B}.Release|Any CPU.Build.0 = Release|Any CPU
		{AE6E93E3-C4F2-43F3-BCB0-1FB98071A09B}.Debug|Any CPU.ActiveCfg = Debug|Any CPU
		{AE6E93E3-C4F2-43F3-BCB0-1FB98071A09B}.Debug|Any CPU.Build.0 = Debug|Any CPU
		{AE6E93E3-C4F2-43F3-BCB0-1FB98071A09B}.Release|Any CPU.ActiveCfg = Release|Any CPU
		{AE6E93E3-C4F2-43F3-BCB0-1FB98071A09B}.Release|Any CPU.Build.0 = Release|Any CPU
		{746CFDE2-8AB4-47C1-B85A-96332A38366D}.Debug|Any CPU.ActiveCfg = Debug|Any CPU
		{746CFDE2-8AB4-47C1-B85A-96332A38366D}.Debug|Any CPU.Build.0 = Debug|Any CPU
		{746CFDE2-8AB4-47C1-B85A-96332A38366D}.Release|Any CPU.ActiveCfg = Release|Any CPU
		{746CFDE2-8AB4-47C1-B85A-96332A38366D}.Release|Any CPU.Build.0 = Release|Any CPU
	EndGlobalSection
	GlobalSection(SolutionProperties) = preSolution
		HideSolutionNode = FALSE
	EndGlobalSection
	GlobalSection(ExtensibilityGlobals) = postSolution
		SolutionGuid = {605A8EDF-23BE-4918-AB86-61705A9B1BE6}
	EndGlobalSection
EndGlobal
