
Microsoft Visual Studio Solution File, Format Version 12.00
# Visual Studio Version 17
VisualStudioVersion = 17.11.35312.102
MinimumVisualStudioVersion = 10.0.40219.1
Project("{FAE04EC0-301F-11D3-BF4B-00C04F79EFBC}") = "AuthenticationApi.Domain", "AuthenticationApi.Domain\AuthenticationApi.Domain.csproj", "{B93D77CB-803D-4B08-BBD4-2C16874D90D4}"
EndProject
Project("{FAE04EC0-301F-11D3-BF4B-00C04F79EFBC}") = "AuthenticationApi.Application", "AuthenticationApi.Application\AuthenticationApi.Application.csproj", "{AF25D107-F14B-4A5D-A7FA-0F8B52EDFEB5}"
EndProject
Project("{FAE04EC0-301F-11D3-BF4B-00C04F79EFBC}") = "AuthenticationApi.Infrastructure", "AuthenticationApi.Infrastructure\AuthenticationApi.Infrastructure.csproj", "{8DE4A519-CA04-4371-A559-98D081BD515B}"
EndProject
Project("{FAE04EC0-301F-11D3-BF4B-00C04F79EFBC}") = "AuthenticationApi.Presentation", "AuthenticationApi.Presentation\AuthenticationApi.Presentation.csproj", "{0384D97D-F3CC-4513-9D59-E4E42F71C484}"
EndProject
Project("{9A19103F-16F7-4668-BE54-9A1E7A4F7556}") = "eCommerece.SharedLibrary", "..\DemoECommerece.SharedLibrarySolution\eCommerece.SharedLibrary\eCommerece.SharedLibrary.csproj", "{1D375393-C2AB-4A38-B638-928AB646651B}"
EndProject
Global
	GlobalSection(SolutionConfigurationPlatforms) = preSolution
		Debug|Any CPU = Debug|Any CPU
		Release|Any CPU = Release|Any CPU
	EndGlobalSection
	GlobalSection(ProjectConfigurationPlatforms) = postSolution
		{B93D77CB-803D-4B08-BBD4-2C16874D90D4}.Debug|Any CPU.ActiveCfg = Debug|Any CPU
		{B93D77CB-803D-4B08-BBD4-2C16874D90D4}.Debug|Any CPU.Build.0 = Debug|Any CPU
		{B93D77CB-803D-4B08-BBD4-2C16874D90D4}.Release|Any CPU.ActiveCfg = Release|Any CPU
		{B93D77CB-803D-4B08-BBD4-2C16874D90D4}.Release|Any CPU.Build.0 = Release|Any CPU
		{AF25D107-F14B-4A5D-A7FA-0F8B52EDFEB5}.Debug|Any CPU.ActiveCfg = Debug|Any CPU
		{AF25D107-F14B-4A5D-A7FA-0F8B52EDFEB5}.Debug|Any CPU.Build.0 = Debug|Any CPU
		{AF25D107-F14B-4A5D-A7FA-0F8B52EDFEB5}.Release|Any CPU.ActiveCfg = Release|Any CPU
		{AF25D107-F14B-4A5D-A7FA-0F8B52EDFEB5}.Release|Any CPU.Build.0 = Release|Any CPU
		{8DE4A519-CA04-4371-A559-98D081BD515B}.Debug|Any CPU.ActiveCfg = Debug|Any CPU
		{8DE4A519-CA04-4371-A559-98D081BD515B}.Debug|Any CPU.Build.0 = Debug|Any CPU
		{8DE4A519-CA04-4371-A559-98D081BD515B}.Release|Any CPU.ActiveCfg = Release|Any CPU
		{8DE4A519-CA04-4371-A559-98D081BD515B}.Release|Any CPU.Build.0 = Release|Any CPU
		{0384D97D-F3CC-4513-9D59-E4E42F71C484}.Debug|Any CPU.ActiveCfg = Debug|Any CPU
		{0384D97D-F3CC-4513-9D59-E4E42F71C484}.Debug|Any CPU.Build.0 = Debug|Any CPU
		{0384D97D-F3CC-4513-9D59-E4E42F71C484}.Release|Any CPU.ActiveCfg = Release|Any CPU
		{0384D97D-F3CC-4513-9D59-E4E42F71C484}.Release|Any CPU.Build.0 = Release|Any CPU
		{1D375393-C2AB-4A38-B638-928AB646651B}.Debug|Any CPU.ActiveCfg = Debug|Any CPU
		{1D375393-C2AB-4A38-B638-928AB646651B}.Debug|Any CPU.Build.0 = Debug|Any CPU
		{1D375393-C2AB-4A38-B638-928AB646651B}.Release|Any CPU.ActiveCfg = Release|Any CPU
		{1D375393-C2AB-4A38-B638-928AB646651B}.Release|Any CPU.Build.0 = Release|Any CPU
	EndGlobalSection
	GlobalSection(SolutionProperties) = preSolution
		HideSolutionNode = FALSE
	EndGlobalSection
	GlobalSection(ExtensibilityGlobals) = postSolution
		SolutionGuid = {C6C802A2-7785-4C54-830C-E53A80554B6D}
	EndGlobalSection
EndGlobal
